
Microsoft Visual Studio Solution File, Format Version 12.00
# Visual Studio Version 17
VisualStudioVersion = 17.5.002.0
MinimumVisualStudioVersion = 10.0.40219.1
Project("{9A19103F-16F7-4668-BE54-9A1E7A4F7556}") = "LHPet", "LHPet.csproj", "{23189CAF-C345-47AB-8CCE-5E7AEED6BBF6}"
EndProject
Global
	GlobalSection(SolutionConfigurationPlatforms) = preSolution
		Debug|Any CPU = Debug|Any CPU
		Release|Any CPU = Release|Any CPU
	EndGlobalSection
	GlobalSection(ProjectConfigurationPlatforms) = postSolution
		{23189CAF-C345-47AB-8CCE-5E7AEED6BBF6}.Debug|Any CPU.ActiveCfg = Debug|Any CPU
		{23189CAF-C345-47AB-8CCE-5E7AEED6BBF6}.Debug|Any CPU.Build.0 = Debug|Any CPU
		{23189CAF-C345-47AB-8CCE-5E7AEED6BBF6}.Release|Any CPU.ActiveCfg = Release|Any CPU
		{23189CAF-C345-47AB-8CCE-5E7AEED6BBF6}.Release|Any CPU.Build.0 = Release|Any CPU
	EndGlobalSection
	GlobalSection(SolutionProperties) = preSolution
		HideSolutionNode = FALSE
	EndGlobalSection
	GlobalSection(ExtensibilityGlobals) = postSolution
		SolutionGuid = {280DD8F7-9F97-4560-BFA6-1C4DEF0AAA1F}
	EndGlobalSection
EndGlobal
